{
  "requires": true,
  "lockfileVersion": 1,
  "dependencies": {
    "@types/emscripten": {
      "version": "1.39.5",
      "resolved": "https://registry.npmjs.org/@types/emscripten/-/emscripten-1.39.5.tgz",
      "integrity": "sha512-DIOOg+POSrYl+OlNRHQuIEqCd8DCtynG57H862UCce16nXJX7J8eWxNGgOcf8Eyge8zXeSs27mz1UcFu8L/L7g==",
      "dev": true
    },
    "preact": {
      "version": "10.5.14",
      "resolved": "https://registry.npmjs.org/preact/-/preact-10.5.14.tgz",
      "integrity": "sha512-KojoltCrshZ099ksUZ2OQKfbH66uquFoxHSbnwKbTJHeQNvx42EmC7wQVWNuDt6vC5s3nudRHFtKbpY4ijKlaQ==",
      "dev": true
    }
  }
}
