{
  "requires": true,
  "lockfileVersion": 1,
  "dependencies": {
    "@types/emscripten": {
      "version": "1.39.5",
      "resolved": "https://registry.npmjs.org/@types/emscripten/-/emscripten-1.39.5.tgz",
      "integrity": "sha512-DIOOg+POSrYl+OlNRHQuIEqCd8DCtynG57H862UCce16nXJX7J8eWxNGgOcf8Eyge8zXeSs27mz1UcFu8L/L7g==",
      "dev": true
    },
    "@types/requestidlecallback": {
      "version": "0.3.4",
      "resolved": "https://registry.npmjs.org/@types/requestidlecallback/-/requestidlecallback-0.3.4.tgz",
      "integrity": "sha512-aTSyiZuRemRLTQkJPb25L7A4/eR2Teo5l4yJ1V6P3+MFxEZckTDkNKNtr/V1zEOMzS6H8DgxF22U6jPAPrzQvw==",
      "dev": true
    },
    "@types/stats.js": {
      "version": "0.17.0",
      "resolved": "https://registry.npmjs.org/@types/stats.js/-/stats.js-0.17.0.tgz",
      "integrity": "sha512-9w+a7bR8PeB0dCT/HBULU2fMqf6BAzvKbxFboYhmDtDkKPiyXYbjoe2auwsXlEFI7CFNMF1dCv3dFH5Poy9R1w==",
      "dev": true
    },
    "preact": {
      "version": "10.5.14",
      "resolved": "https://registry.npmjs.org/preact/-/preact-10.5.14.tgz",
      "integrity": "sha512-KojoltCrshZ099ksUZ2OQKfbH66uquFoxHSbnwKbTJHeQNvx42EmC7wQVWNuDt6vC5s3nudRHFtKbpY4ijKlaQ==",
      "dev": true
    }
  }
}
